
Microsoft Visual Studio Solution File, Format Version 12.00
# Visual Studio Version 17
VisualStudioVersion = 17.11.35327.3
MinimumVisualStudioVersion = 10.0.40219.1
Project("{FAE04EC0-301F-11D3-BF4B-00C04F79EFBC}") = "MvcMovie", "MvcMovie\MvcMovie.csproj", "{ABC4CFA9-71CF-4733-B869-940C6C1ECE01}"
EndProject
Global
	GlobalSection(SolutionConfigurationPlatforms) = preSolution
		Debug|Any CPU = Debug|Any CPU
		Release|Any CPU = Release|Any CPU
	EndGlobalSection
	GlobalSection(ProjectConfigurationPlatforms) = postSolution
		{ABC4CFA9-71CF-4733-B869-940C6C1ECE01}.Debug|Any CPU.ActiveCfg = Debug|Any CPU
		{ABC4CFA9-71CF-4733-B869-940C6C1ECE01}.Debug|Any CPU.Build.0 = Debug|Any CPU
		{ABC4CFA9-71CF-4733-B869-940C6C1ECE01}.Release|Any CPU.ActiveCfg = Release|Any CPU
		{ABC4CFA9-71CF-4733-B869-940C6C1ECE01}.Release|Any CPU.Build.0 = Release|Any CPU
	EndGlobalSection
	GlobalSection(SolutionProperties) = preSolution
		HideSolutionNode = FALSE
	EndGlobalSection
	GlobalSection(ExtensibilityGlobals) = postSolution
		SolutionGuid = {78689792-2C8F-47D1-ACEB-CE610A7DEC61}
	EndGlobalSection
EndGlobal
